// !$*UTF8*$!
{
	archiveVersion = 1;
	classes = {
	};
	objectVersion = 44;
	objects = {

/* Begin PBXBuildFile section */
		8D11072A0486CEB800E47090 /* MainMenu.nib in Resources */ = {isa = PBXBuildFile; fileRef = 29B97318FDCFA39411CA2CEA /* MainMenu.nib */; };
		8D11072B0486CEB800E47090 /* InfoPlist.strings in Resources */ = {isa = PBXBuildFile; fileRef = 089C165CFE840E0CC02AAC07 /* InfoPlist.strings */; };
		8D11072D0486CEB800E47090 /* main.m in Sources */ = {isa = PBXBuildFile; fileRef = 29B97316FDCFA39411CA2CEA /* main.m */; settings = {ATTRIBUTES = (); }; };
		8D11072F0486CEB800E47090 /* Cocoa.framework in Frameworks */ = {isa = PBXBuildFile; fileRef = 1058C7A1FEA54F0111CA2CBB /* Cocoa.framework */; };
<<<<<<< HEAD
		E689140F11C420B3001E3409 /* LittleSnoopController.m in Sources */ = {isa = PBXBuildFile; fileRef = E689140E11C420B3001E3409 /* LittleSnoopController.m */; };
		E689141611C424D5001E3409 /* Settings.plist in Resources */ = {isa = PBXBuildFile; fileRef = E689141511C424D5001E3409 /* Settings.plist */; };
		E68914BD11C4B7F6001E3409 /* RedSnapper.m in Sources */ = {isa = PBXBuildFile; fileRef = E68914BC11C4B7F6001E3409 /* RedSnapper.m */; };
		E68915B311C4F21B001E3409 /* Base64.m in Sources */ = {isa = PBXBuildFile; fileRef = E68915B211C4F21B001E3409 /* Base64.m */; };
		E68916DE11C693A9001E3409 /* LittleSnoop.icns in Resources */ = {isa = PBXBuildFile; fileRef = E68916DD11C693A9001E3409 /* LittleSnoop.icns */; };
		E689170211C6ABA1001E3409 /* link.png in Resources */ = {isa = PBXBuildFile; fileRef = E689170111C6ABA1001E3409 /* link.png */; };
=======
		E6EB233A11C13A1C001DE944 /* ScreenShot.m in Sources */ = {isa = PBXBuildFile; fileRef = E6EB233711C13A1C001DE944 /* ScreenShot.m */; };
		E6EB233B11C13A1C001DE944 /* SnoopOnMe.m in Sources */ = {isa = PBXBuildFile; fileRef = E6EB233911C13A1C001DE944 /* SnoopOnMe.m */; };
		E6EB236C11C14709001DE944 /* OpenGL.framework in Frameworks */ = {isa = PBXBuildFile; fileRef = E6EB236B11C14709001DE944 /* OpenGL.framework */; };
>>>>>>> 03717e10b4ebc696db02b309d2a515c6578ef3ba
/* End PBXBuildFile section */

/* Begin PBXFileReference section */
		089C165DFE840E0CC02AAC07 /* English */ = {isa = PBXFileReference; fileEncoding = 10; lastKnownFileType = text.plist.strings; name = English; path = English.lproj/InfoPlist.strings; sourceTree = "<group>"; };
		1058C7A1FEA54F0111CA2CBB /* Cocoa.framework */ = {isa = PBXFileReference; lastKnownFileType = wrapper.framework; name = Cocoa.framework; path = /System/Library/Frameworks/Cocoa.framework; sourceTree = "<absolute>"; };
		13E42FB307B3F0F600E4EEF1 /* CoreData.framework */ = {isa = PBXFileReference; lastKnownFileType = wrapper.framework; name = CoreData.framework; path = /System/Library/Frameworks/CoreData.framework; sourceTree = "<absolute>"; };
		29B97316FDCFA39411CA2CEA /* main.m */ = {isa = PBXFileReference; fileEncoding = 4; lastKnownFileType = sourcecode.c.objc; path = main.m; sourceTree = "<group>"; };
		29B97319FDCFA39411CA2CEA /* English */ = {isa = PBXFileReference; lastKnownFileType = wrapper.nib; name = English; path = English.lproj/MainMenu.nib; sourceTree = "<group>"; };
		29B97324FDCFA39411CA2CEA /* AppKit.framework */ = {isa = PBXFileReference; lastKnownFileType = wrapper.framework; name = AppKit.framework; path = /System/Library/Frameworks/AppKit.framework; sourceTree = "<absolute>"; };
		29B97325FDCFA39411CA2CEA /* Foundation.framework */ = {isa = PBXFileReference; lastKnownFileType = wrapper.framework; name = Foundation.framework; path = /System/Library/Frameworks/Foundation.framework; sourceTree = "<absolute>"; };
		32CA4F630368D1EE00C91783 /* Little Snoop_Prefix.pch */ = {isa = PBXFileReference; fileEncoding = 4; lastKnownFileType = sourcecode.c.h; path = "Little Snoop_Prefix.pch"; sourceTree = "<group>"; };
		8D1107310486CEB800E47090 /* Info.plist */ = {isa = PBXFileReference; fileEncoding = 4; lastKnownFileType = text.plist.xml; path = Info.plist; sourceTree = "<group>"; };
		8D1107320486CEB800E47090 /* Little Snoop.app */ = {isa = PBXFileReference; explicitFileType = wrapper.application; includeInIndex = 0; path = "Little Snoop.app"; sourceTree = BUILT_PRODUCTS_DIR; };
<<<<<<< HEAD
		E689140D11C420B3001E3409 /* LittleSnoopController.h */ = {isa = PBXFileReference; fileEncoding = 4; lastKnownFileType = sourcecode.c.h; path = LittleSnoopController.h; sourceTree = "<group>"; };
		E689140E11C420B3001E3409 /* LittleSnoopController.m */ = {isa = PBXFileReference; fileEncoding = 4; lastKnownFileType = sourcecode.c.objc; path = LittleSnoopController.m; sourceTree = "<group>"; };
		E689141511C424D5001E3409 /* Settings.plist */ = {isa = PBXFileReference; fileEncoding = 4; lastKnownFileType = text.plist; path = Settings.plist; sourceTree = "<group>"; };
		E68914BB11C4B7F6001E3409 /* RedSnapper.h */ = {isa = PBXFileReference; fileEncoding = 4; lastKnownFileType = sourcecode.c.h; path = RedSnapper.h; sourceTree = "<group>"; };
		E68914BC11C4B7F6001E3409 /* RedSnapper.m */ = {isa = PBXFileReference; fileEncoding = 4; lastKnownFileType = sourcecode.c.objc; path = RedSnapper.m; sourceTree = "<group>"; };
		E68915B111C4F21B001E3409 /* Base64.h */ = {isa = PBXFileReference; fileEncoding = 4; lastKnownFileType = sourcecode.c.h; path = Base64.h; sourceTree = "<group>"; };
		E68915B211C4F21B001E3409 /* Base64.m */ = {isa = PBXFileReference; fileEncoding = 4; lastKnownFileType = sourcecode.c.objc; path = Base64.m; sourceTree = "<group>"; };
		E68916DD11C693A9001E3409 /* LittleSnoop.icns */ = {isa = PBXFileReference; lastKnownFileType = image.icns; path = LittleSnoop.icns; sourceTree = "<group>"; };
		E689170111C6ABA1001E3409 /* link.png */ = {isa = PBXFileReference; lastKnownFileType = image.png; path = link.png; sourceTree = "<group>"; };
=======
		E6EB233611C13A1C001DE944 /* ScreenShot.h */ = {isa = PBXFileReference; fileEncoding = 4; lastKnownFileType = sourcecode.c.h; path = ScreenShot.h; sourceTree = "<group>"; };
		E6EB233711C13A1C001DE944 /* ScreenShot.m */ = {isa = PBXFileReference; fileEncoding = 4; lastKnownFileType = sourcecode.c.objc; path = ScreenShot.m; sourceTree = "<group>"; };
		E6EB233811C13A1C001DE944 /* SnoopOnMe.h */ = {isa = PBXFileReference; fileEncoding = 4; lastKnownFileType = sourcecode.c.h; path = SnoopOnMe.h; sourceTree = "<group>"; };
		E6EB233911C13A1C001DE944 /* SnoopOnMe.m */ = {isa = PBXFileReference; fileEncoding = 4; lastKnownFileType = sourcecode.c.objc; path = SnoopOnMe.m; sourceTree = "<group>"; };
		E6EB236B11C14709001DE944 /* OpenGL.framework */ = {isa = PBXFileReference; lastKnownFileType = wrapper.framework; name = OpenGL.framework; path = /System/Library/Frameworks/OpenGL.framework; sourceTree = "<absolute>"; };
>>>>>>> 03717e10b4ebc696db02b309d2a515c6578ef3ba
/* End PBXFileReference section */

/* Begin PBXFrameworksBuildPhase section */
		8D11072E0486CEB800E47090 /* Frameworks */ = {
			isa = PBXFrameworksBuildPhase;
			buildActionMask = 2147483647;
			files = (
				8D11072F0486CEB800E47090 /* Cocoa.framework in Frameworks */,
<<<<<<< HEAD
=======
				E6EB236C11C14709001DE944 /* OpenGL.framework in Frameworks */,
>>>>>>> 03717e10b4ebc696db02b309d2a515c6578ef3ba
			);
			runOnlyForDeploymentPostprocessing = 0;
		};
/* End PBXFrameworksBuildPhase section */

/* Begin PBXGroup section */
		080E96DDFE201D6D7F000001 /* Classes */ = {
			isa = PBXGroup;
			children = (
<<<<<<< HEAD
				E68914BB11C4B7F6001E3409 /* RedSnapper.h */,
				E68914BC11C4B7F6001E3409 /* RedSnapper.m */,
				E68915B111C4F21B001E3409 /* Base64.h */,
				E68915B211C4F21B001E3409 /* Base64.m */,
=======
>>>>>>> 03717e10b4ebc696db02b309d2a515c6578ef3ba
			);
			name = Classes;
			sourceTree = "<group>";
		};
		1058C7A0FEA54F0111CA2CBB /* Linked Frameworks */ = {
			isa = PBXGroup;
			children = (
				1058C7A1FEA54F0111CA2CBB /* Cocoa.framework */,
			);
			name = "Linked Frameworks";
			sourceTree = "<group>";
		};
		1058C7A2FEA54F0111CA2CBB /* Other Frameworks */ = {
			isa = PBXGroup;
			children = (
<<<<<<< HEAD
=======
				E6EB236B11C14709001DE944 /* OpenGL.framework */,
>>>>>>> 03717e10b4ebc696db02b309d2a515c6578ef3ba
				29B97324FDCFA39411CA2CEA /* AppKit.framework */,
				13E42FB307B3F0F600E4EEF1 /* CoreData.framework */,
				29B97325FDCFA39411CA2CEA /* Foundation.framework */,
			);
			name = "Other Frameworks";
			sourceTree = "<group>";
		};
		19C28FACFE9D520D11CA2CBB /* Products */ = {
			isa = PBXGroup;
			children = (
				8D1107320486CEB800E47090 /* Little Snoop.app */,
			);
			name = Products;
			sourceTree = "<group>";
		};
		29B97314FDCFA39411CA2CEA /* Little Snoop */ = {
			isa = PBXGroup;
			children = (
<<<<<<< HEAD
=======
				E6EB233611C13A1C001DE944 /* ScreenShot.h */,
				E6EB233711C13A1C001DE944 /* ScreenShot.m */,
				E6EB233811C13A1C001DE944 /* SnoopOnMe.h */,
				E6EB233911C13A1C001DE944 /* SnoopOnMe.m */,
>>>>>>> 03717e10b4ebc696db02b309d2a515c6578ef3ba
				080E96DDFE201D6D7F000001 /* Classes */,
				29B97315FDCFA39411CA2CEA /* Other Sources */,
				29B97317FDCFA39411CA2CEA /* Resources */,
				29B97323FDCFA39411CA2CEA /* Frameworks */,
				19C28FACFE9D520D11CA2CBB /* Products */,
<<<<<<< HEAD
				E689140D11C420B3001E3409 /* LittleSnoopController.h */,
				E689140E11C420B3001E3409 /* LittleSnoopController.m */,
=======
>>>>>>> 03717e10b4ebc696db02b309d2a515c6578ef3ba
			);
			name = "Little Snoop";
			sourceTree = "<group>";
		};
		29B97315FDCFA39411CA2CEA /* Other Sources */ = {
			isa = PBXGroup;
			children = (
				32CA4F630368D1EE00C91783 /* Little Snoop_Prefix.pch */,
				29B97316FDCFA39411CA2CEA /* main.m */,
			);
			name = "Other Sources";
			sourceTree = "<group>";
		};
		29B97317FDCFA39411CA2CEA /* Resources */ = {
			isa = PBXGroup;
			children = (
<<<<<<< HEAD
				E689170111C6ABA1001E3409 /* link.png */,
				E68916DD11C693A9001E3409 /* LittleSnoop.icns */,
				8D1107310486CEB800E47090 /* Info.plist */,
				089C165CFE840E0CC02AAC07 /* InfoPlist.strings */,
				29B97318FDCFA39411CA2CEA /* MainMenu.nib */,
				E689141511C424D5001E3409 /* Settings.plist */,
=======
				8D1107310486CEB800E47090 /* Info.plist */,
				089C165CFE840E0CC02AAC07 /* InfoPlist.strings */,
				29B97318FDCFA39411CA2CEA /* MainMenu.nib */,
>>>>>>> 03717e10b4ebc696db02b309d2a515c6578ef3ba
			);
			name = Resources;
			sourceTree = "<group>";
		};
		29B97323FDCFA39411CA2CEA /* Frameworks */ = {
			isa = PBXGroup;
			children = (
				1058C7A0FEA54F0111CA2CBB /* Linked Frameworks */,
				1058C7A2FEA54F0111CA2CBB /* Other Frameworks */,
			);
			name = Frameworks;
			sourceTree = "<group>";
		};
/* End PBXGroup section */

/* Begin PBXNativeTarget section */
		8D1107260486CEB800E47090 /* Little Snoop */ = {
			isa = PBXNativeTarget;
			buildConfigurationList = C01FCF4A08A954540054247B /* Build configuration list for PBXNativeTarget "Little Snoop" */;
			buildPhases = (
				8D1107290486CEB800E47090 /* Resources */,
				8D11072C0486CEB800E47090 /* Sources */,
				8D11072E0486CEB800E47090 /* Frameworks */,
			);
			buildRules = (
			);
			dependencies = (
			);
			name = "Little Snoop";
			productInstallPath = "$(HOME)/Applications";
			productName = "Little Snoop";
			productReference = 8D1107320486CEB800E47090 /* Little Snoop.app */;
			productType = "com.apple.product-type.application";
		};
/* End PBXNativeTarget section */

/* Begin PBXProject section */
		29B97313FDCFA39411CA2CEA /* Project object */ = {
			isa = PBXProject;
			buildConfigurationList = C01FCF4E08A954540054247B /* Build configuration list for PBXProject "Little Snoop" */;
			compatibilityVersion = "Xcode 3.0";
			hasScannedForEncodings = 1;
			mainGroup = 29B97314FDCFA39411CA2CEA /* Little Snoop */;
			projectDirPath = "";
			projectRoot = "";
			targets = (
				8D1107260486CEB800E47090 /* Little Snoop */,
			);
		};
/* End PBXProject section */

/* Begin PBXResourcesBuildPhase section */
		8D1107290486CEB800E47090 /* Resources */ = {
			isa = PBXResourcesBuildPhase;
			buildActionMask = 2147483647;
			files = (
				8D11072A0486CEB800E47090 /* MainMenu.nib in Resources */,
				8D11072B0486CEB800E47090 /* InfoPlist.strings in Resources */,
<<<<<<< HEAD
				E689141611C424D5001E3409 /* Settings.plist in Resources */,
				E68916DE11C693A9001E3409 /* LittleSnoop.icns in Resources */,
				E689170211C6ABA1001E3409 /* link.png in Resources */,
=======
>>>>>>> 03717e10b4ebc696db02b309d2a515c6578ef3ba
			);
			runOnlyForDeploymentPostprocessing = 0;
		};
/* End PBXResourcesBuildPhase section */

/* Begin PBXSourcesBuildPhase section */
		8D11072C0486CEB800E47090 /* Sources */ = {
			isa = PBXSourcesBuildPhase;
			buildActionMask = 2147483647;
			files = (
				8D11072D0486CEB800E47090 /* main.m in Sources */,
<<<<<<< HEAD
				E689140F11C420B3001E3409 /* LittleSnoopController.m in Sources */,
				E68914BD11C4B7F6001E3409 /* RedSnapper.m in Sources */,
				E68915B311C4F21B001E3409 /* Base64.m in Sources */,
=======
				E6EB233A11C13A1C001DE944 /* ScreenShot.m in Sources */,
				E6EB233B11C13A1C001DE944 /* SnoopOnMe.m in Sources */,
>>>>>>> 03717e10b4ebc696db02b309d2a515c6578ef3ba
			);
			runOnlyForDeploymentPostprocessing = 0;
		};
/* End PBXSourcesBuildPhase section */

/* Begin PBXVariantGroup section */
		089C165CFE840E0CC02AAC07 /* InfoPlist.strings */ = {
			isa = PBXVariantGroup;
			children = (
				089C165DFE840E0CC02AAC07 /* English */,
			);
			name = InfoPlist.strings;
			sourceTree = "<group>";
		};
		29B97318FDCFA39411CA2CEA /* MainMenu.nib */ = {
			isa = PBXVariantGroup;
			children = (
				29B97319FDCFA39411CA2CEA /* English */,
			);
			name = MainMenu.nib;
			sourceTree = "<group>";
		};
/* End PBXVariantGroup section */

/* Begin XCBuildConfiguration section */
		C01FCF4B08A954540054247B /* Debug */ = {
			isa = XCBuildConfiguration;
			buildSettings = {
				COPY_PHASE_STRIP = NO;
				GCC_DYNAMIC_NO_PIC = NO;
				GCC_ENABLE_FIX_AND_CONTINUE = YES;
				GCC_MODEL_TUNING = G5;
				GCC_OPTIMIZATION_LEVEL = 0;
				GCC_PRECOMPILE_PREFIX_HEADER = YES;
				GCC_PREFIX_HEADER = "Little Snoop_Prefix.pch";
				INFOPLIST_FILE = Info.plist;
				INSTALL_PATH = "$(HOME)/Applications";
				PRODUCT_NAME = "Little Snoop";
				WRAPPER_EXTENSION = app;
				ZERO_LINK = YES;
			};
			name = Debug;
		};
		C01FCF4C08A954540054247B /* Release */ = {
			isa = XCBuildConfiguration;
			buildSettings = {
				DEBUG_INFORMATION_FORMAT = "dwarf-with-dsym";
				GCC_MODEL_TUNING = G5;
				GCC_PRECOMPILE_PREFIX_HEADER = YES;
				GCC_PREFIX_HEADER = "Little Snoop_Prefix.pch";
				INFOPLIST_FILE = Info.plist;
				INSTALL_PATH = "$(HOME)/Applications";
				PRODUCT_NAME = "Little Snoop";
				WRAPPER_EXTENSION = app;
			};
			name = Release;
		};
		C01FCF4F08A954540054247B /* Debug */ = {
			isa = XCBuildConfiguration;
			buildSettings = {
<<<<<<< HEAD
				ARCHS = (
					"$(NATIVE_ARCH_32_BIT)",
					"$(NATIVE_ARCH_64_BIT)",
				);
				CURRENT_PROJECT_VERSION = 1.0;
				GCC_ENABLE_OBJC_GC = supported;
				GCC_WARN_ABOUT_RETURN_TYPE = YES;
				GCC_WARN_UNUSED_VARIABLE = YES;
				INSTALL_OWNER = MK;
				PREBINDING = NO;
				PRODUCT_NAME = "Little Snoop";
=======
				GCC_WARN_ABOUT_RETURN_TYPE = YES;
				GCC_WARN_UNUSED_VARIABLE = YES;
				PREBINDING = NO;
>>>>>>> 03717e10b4ebc696db02b309d2a515c6578ef3ba
				SDKROOT = "$(DEVELOPER_SDK_DIR)/MacOSX10.5.sdk";
			};
			name = Debug;
		};
		C01FCF5008A954540054247B /* Release */ = {
			isa = XCBuildConfiguration;
			buildSettings = {
				ARCHS = (
					ppc,
					i386,
				);
				GCC_WARN_ABOUT_RETURN_TYPE = YES;
				GCC_WARN_UNUSED_VARIABLE = YES;
				PREBINDING = NO;
				SDKROOT = "$(DEVELOPER_SDK_DIR)/MacOSX10.5.sdk";
			};
			name = Release;
		};
/* End XCBuildConfiguration section */

/* Begin XCConfigurationList section */
		C01FCF4A08A954540054247B /* Build configuration list for PBXNativeTarget "Little Snoop" */ = {
			isa = XCConfigurationList;
			buildConfigurations = (
				C01FCF4B08A954540054247B /* Debug */,
				C01FCF4C08A954540054247B /* Release */,
			);
			defaultConfigurationIsVisible = 0;
			defaultConfigurationName = Release;
		};
		C01FCF4E08A954540054247B /* Build configuration list for PBXProject "Little Snoop" */ = {
			isa = XCConfigurationList;
			buildConfigurations = (
				C01FCF4F08A954540054247B /* Debug */,
				C01FCF5008A954540054247B /* Release */,
			);
			defaultConfigurationIsVisible = 0;
			defaultConfigurationName = Release;
		};
/* End XCConfigurationList section */
	};
	rootObject = 29B97313FDCFA39411CA2CEA /* Project object */;
}
